
Microsoft Visual Studio Solution File, Format Version 12.00
# Visual Studio Version 16
VisualStudioVersion = 16.0.31729.503
MinimumVisualStudioVersion = 10.0.40219.1
Project("{FAE04EC0-301F-11D3-BF4B-00C04F79EFBC}") = "PhoneWord.Android", "PhoneWord\PhoneWord.Android\PhoneWord.Android.csproj", "{5653E997-926E-410A-A75B-D5689F8F259D}"
EndProject
Project("{FAE04EC0-301F-11D3-BF4B-00C04F79EFBC}") = "PhoneWord.iOS", "PhoneWord\PhoneWord.iOS\PhoneWord.iOS.csproj", "{3C882F16-4AE5-48E3-B670-55443C6BDE6D}"
EndProject
Project("{FAE04EC0-301F-11D3-BF4B-00C04F79EFBC}") = "PhoneWord", "PhoneWord\PhoneWord\PhoneWord.csproj", "{9210EF00-E642-4AC2-8BE9-1AE007D6C8D2}"
EndProject
Global
	GlobalSection(SolutionConfigurationPlatforms) = preSolution
		Debug|Any CPU = Debug|Any CPU
		Debug|iPhone = Debug|iPhone
		Debug|iPhoneSimulator = Debug|iPhoneSimulator
		Release|Any CPU = Release|Any CPU
		Release|iPhone = Release|iPhone
		Release|iPhoneSimulator = Release|iPhoneSimulator
	EndGlobalSection
	GlobalSection(ProjectConfigurationPlatforms) = postSolution
		{5653E997-926E-410A-A75B-D5689F8F259D}.Debug|Any CPU.ActiveCfg = Debug|Any CPU
		{5653E997-926E-410A-A75B-D5689F8F259D}.Debug|Any CPU.Build.0 = Debug|Any CPU
		{5653E997-926E-410A-A75B-D5689F8F259D}.Debug|Any CPU.Deploy.0 = Debug|Any CPU
		{5653E997-926E-410A-A75B-D5689F8F259D}.Debug|iPhone.ActiveCfg = Debug|Any CPU
		{5653E997-926E-410A-A75B-D5689F8F259D}.Debug|iPhone.Build.0 = Debug|Any CPU
		{5653E997-926E-410A-A75B-D5689F8F259D}.Debug|iPhone.Deploy.0 = Debug|Any CPU
		{5653E997-926E-410A-A75B-D5689F8F259D}.Debug|iPhoneSimulator.ActiveCfg = Debug|Any CPU
		{5653E997-926E-410A-A75B-D5689F8F259D}.Debug|iPhoneSimulator.Build.0 = Debug|Any CPU
		{5653E997-926E-410A-A75B-D5689F8F259D}.Debug|iPhoneSimulator.Deploy.0 = Debug|Any CPU
		{5653E997-926E-410A-A75B-D5689F8F259D}.Release|Any CPU.ActiveCfg = Release|Any CPU
		{5653E997-926E-410A-A75B-D5689F8F259D}.Release|Any CPU.Build.0 = Release|Any CPU
		{5653E997-926E-410A-A75B-D5689F8F259D}.Release|Any CPU.Deploy.0 = Release|Any CPU
		{5653E997-926E-410A-A75B-D5689F8F259D}.Release|iPhone.ActiveCfg = Release|Any CPU
		{5653E997-926E-410A-A75B-D5689F8F259D}.Release|iPhone.Build.0 = Release|Any CPU
		{5653E997-926E-410A-A75B-D5689F8F259D}.Release|iPhone.Deploy.0 = Release|Any CPU
		{5653E997-926E-410A-A75B-D5689F8F259D}.Release|iPhoneSimulator.ActiveCfg = Release|Any CPU
		{5653E997-926E-410A-A75B-D5689F8F259D}.Release|iPhoneSimulator.Build.0 = Release|Any CPU
		{5653E997-926E-410A-A75B-D5689F8F259D}.Release|iPhoneSimulator.Deploy.0 = Release|Any CPU
		{3C882F16-4AE5-48E3-B670-55443C6BDE6D}.Debug|Any CPU.ActiveCfg = Debug|iPhone
		{3C882F16-4AE5-48E3-B670-55443C6BDE6D}.Debug|Any CPU.Build.0 = Debug|iPhone
		{3C882F16-4AE5-48E3-B670-55443C6BDE6D}.Debug|Any CPU.Deploy.0 = Debug|iPhone
		{3C882F16-4AE5-48E3-B670-55443C6BDE6D}.Debug|iPhone.ActiveCfg = Debug|iPhone
		{3C882F16-4AE5-48E3-B670-55443C6BDE6D}.Debug|iPhone.Build.0 = Debug|iPhone
		{3C882F16-4AE5-48E3-B670-55443C6BDE6D}.Debug|iPhone.Deploy.0 = Debug|iPhone
		{3C882F16-4AE5-48E3-B670-55443C6BDE6D}.Debug|iPhoneSimulator.ActiveCfg = Debug|iPhoneSimulator
		{3C882F16-4AE5-48E3-B670-55443C6BDE6D}.Debug|iPhoneSimulator.Build.0 = Debug|iPhoneSimulator
		{3C882F16-4AE5-48E3-B670-55443C6BDE6D}.Debug|iPhoneSimulator.Deploy.0 = Debug|iPhoneSimulator
		{3C882F16-4AE5-48E3-B670-55443C6BDE6D}.Release|Any CPU.ActiveCfg = Release|iPhoneSimulator
		{3C882F16-4AE5-48E3-B670-55443C6BDE6D}.Release|Any CPU.Build.0 = Release|iPhoneSimulator
		{3C882F16-4AE5-48E3-B670-55443C6BDE6D}.Release|Any CPU.Deploy.0 = Release|iPhoneSimulator
		{3C882F16-4AE5-48E3-B670-55443C6BDE6D}.Release|iPhone.ActiveCfg = Release|iPhone
		{3C882F16-4AE5-48E3-B670-55443C6BDE6D}.Release|iPhone.Build.0 = Release|iPhone
		{3C882F16-4AE5-48E3-B670-55443C6BDE6D}.Release|iPhone.Deploy.0 = Release|iPhone
		{3C882F16-4AE5-48E3-B670-55443C6BDE6D}.Release|iPhoneSimulator.ActiveCfg = Release|iPhoneSimulator
		{3C882F16-4AE5-48E3-B670-55443C6BDE6D}.Release|iPhoneSimulator.Build.0 = Release|iPhoneSimulator
		{3C882F16-4AE5-48E3-B670-55443C6BDE6D}.Release|iPhoneSimulator.Deploy.0 = Release|iPhoneSimulator
		{9210EF00-E642-4AC2-8BE9-1AE007D6C8D2}.Debug|Any CPU.ActiveCfg = Debug|Any CPU
		{9210EF00-E642-4AC2-8BE9-1AE007D6C8D2}.Debug|Any CPU.Build.0 = Debug|Any CPU
		{9210EF00-E642-4AC2-8BE9-1AE007D6C8D2}.Debug|Any CPU.Deploy.0 = Debug|Any CPU
		{9210EF00-E642-4AC2-8BE9-1AE007D6C8D2}.Debug|iPhone.ActiveCfg = Debug|Any CPU
		{9210EF00-E642-4AC2-8BE9-1AE007D6C8D2}.Debug|iPhone.Build.0 = Debug|Any CPU
		{9210EF00-E642-4AC2-8BE9-1AE007D6C8D2}.Debug|iPhone.Deploy.0 = Debug|Any CPU
		{9210EF00-E642-4AC2-8BE9-1AE007D6C8D2}.Debug|iPhoneSimulator.ActiveCfg = Debug|Any CPU
		{9210EF00-E642-4AC2-8BE9-1AE007D6C8D2}.Debug|iPhoneSimulator.Build.0 = Debug|Any CPU
		{9210EF00-E642-4AC2-8BE9-1AE007D6C8D2}.Debug|iPhoneSimulator.Deploy.0 = Debug|Any CPU
		{9210EF00-E642-4AC2-8BE9-1AE007D6C8D2}.Release|Any CPU.ActiveCfg = Release|Any CPU
		{9210EF00-E642-4AC2-8BE9-1AE007D6C8D2}.Release|Any CPU.Build.0 = Release|Any CPU
		{9210EF00-E642-4AC2-8BE9-1AE007D6C8D2}.Release|Any CPU.Deploy.0 = Release|Any CPU
		{9210EF00-E642-4AC2-8BE9-1AE007D6C8D2}.Release|iPhone.ActiveCfg = Release|Any CPU
		{9210EF00-E642-4AC2-8BE9-1AE007D6C8D2}.Release|iPhone.Build.0 = Release|Any CPU
		{9210EF00-E642-4AC2-8BE9-1AE007D6C8D2}.Release|iPhone.Deploy.0 = Release|Any CPU
		{9210EF00-E642-4AC2-8BE9-1AE007D6C8D2}.Release|iPhoneSimulator.ActiveCfg = Release|Any CPU
		{9210EF00-E642-4AC2-8BE9-1AE007D6C8D2}.Release|iPhoneSimulator.Build.0 = Release|Any CPU
		{9210EF00-E642-4AC2-8BE9-1AE007D6C8D2}.Release|iPhoneSimulator.Deploy.0 = Release|Any CPU
	EndGlobalSection
	GlobalSection(SolutionProperties) = preSolution
		HideSolutionNode = FALSE
	EndGlobalSection
	GlobalSection(ExtensibilityGlobals) = postSolution
		SolutionGuid = {9C440064-30EB-4882-A84A-712093E64DEE}
	EndGlobalSection
EndGlobal
